
Microsoft Visual Studio Solution File, Format Version 12.00
# Visual Studio Version 16
VisualStudioVersion = 16.0.30114.105
MinimumVisualStudioVersion = 10.0.40219.1
Project("{FAE04EC0-301F-11D3-BF4B-00C04F79EFBC}") = "SatelliteTec", "SatelliteTec\SatelliteTec.csproj", "{87AAE98D-5989-4E77-B907-30F6424AE79D}"
EndProject
Global
	GlobalSection(SolutionConfigurationPlatforms) = preSolution
		Debug|Any CPU = Debug|Any CPU
		Release|Any CPU = Release|Any CPU
	EndGlobalSection
	GlobalSection(ProjectConfigurationPlatforms) = postSolution
		{87AAE98D-5989-4E77-B907-30F6424AE79D}.Debug|Any CPU.ActiveCfg = Debug|Any CPU
		{87AAE98D-5989-4E77-B907-30F6424AE79D}.Debug|Any CPU.Build.0 = Debug|Any CPU
		{87AAE98D-5989-4E77-B907-30F6424AE79D}.Release|Any CPU.ActiveCfg = Release|Any CPU
		{87AAE98D-5989-4E77-B907-30F6424AE79D}.Release|Any CPU.Build.0 = Release|Any CPU
	EndGlobalSection
	GlobalSection(SolutionProperties) = preSolution
		HideSolutionNode = FALSE
	EndGlobalSection
	GlobalSection(ExtensibilityGlobals) = postSolution
		SolutionGuid = {2C554073-70DC-49D9-B763-75248F2CE5D6}
	EndGlobalSection
EndGlobal
